
Microsoft Visual Studio Solution File, Format Version 12.00
# Visual Studio 15
VisualStudioVersion = 15.0.28010.2016
MinimumVisualStudioVersion = 10.0.40219.1
Project("{FAE04EC0-301F-11D3-BF4B-00C04F79EFBC}") = "ToBeRenamed", "ToBeRenamed\ToBeRenamed.csproj", "{611A28BF-38C1-4D42-B793-EA58D06A0D2E}"
EndProject
Global
	GlobalSection(SolutionConfigurationPlatforms) = preSolution
		Debug|Any CPU = Debug|Any CPU
		Release|Any CPU = Release|Any CPU
	EndGlobalSection
	GlobalSection(ProjectConfigurationPlatforms) = postSolution
		{611A28BF-38C1-4D42-B793-EA58D06A0D2E}.Debug|Any CPU.ActiveCfg = Debug|Any CPU
		{611A28BF-38C1-4D42-B793-EA58D06A0D2E}.Debug|Any CPU.Build.0 = Debug|Any CPU
		{611A28BF-38C1-4D42-B793-EA58D06A0D2E}.Release|Any CPU.ActiveCfg = Release|Any CPU
		{611A28BF-38C1-4D42-B793-EA58D06A0D2E}.Release|Any CPU.Build.0 = Release|Any CPU
	EndGlobalSection
	GlobalSection(SolutionProperties) = preSolution
		HideSolutionNode = FALSE
	EndGlobalSection
	GlobalSection(ExtensibilityGlobals) = postSolution
		SolutionGuid = {3A0555A2-EC42-4D40-ABC5-60EBFE74BE03}
	EndGlobalSection
EndGlobal
